
Microsoft Visual Studio Solution File, Format Version 12.00
Project("{FAE04EC0-301F-11D3-BF4B-00C04F79EFBC}") = "FlightTracker.Domain", "FlightTracker.Domain\FlightTracker.Domain.csproj", "{BD802257-9D66-4FFF-9E32-549152493E7F}"
EndProject
Project("{FAE04EC0-301F-11D3-BF4B-00C04F79EFBC}") = "FlightTracker.Application", "FlightTracker.Application\FlightTracker.Application.csproj", "{087F76C8-6834-4B56-A575-36BB6C98579A}"
EndProject
Project("{FAE04EC0-301F-11D3-BF4B-00C04F79EFBC}") = "FlightTracker.Infrastructure", "FlightTracker.Infrastructure\FlightTracker.Infrastructure.csproj", "{929158DC-97CB-4B25-BFCF-2C696959027C}"
EndProject
Project("{FAE04EC0-301F-11D3-BF4B-00C04F79EFBC}") = "FlightTracker.Web", "FlightTracker.Web\FlightTracker.Web.csproj", "{2C74B886-C8A8-4560-B897-3505899B36F5}"
EndProject
Project("{FAE04EC0-301F-11D3-BF4B-00C04F79EFBC}") = "FlightTracker.Test", "FlightTracker.Test\FlightTracker.Test.csproj", "{0F440142-4DA9-4FA2-A031-40B75EF2B54A}"
EndProject
Global
	GlobalSection(SolutionConfigurationPlatforms) = preSolution
		Debug|Any CPU = Debug|Any CPU
		Release|Any CPU = Release|Any CPU
	EndGlobalSection
	GlobalSection(ProjectConfigurationPlatforms) = postSolution
		{BD802257-9D66-4FFF-9E32-549152493E7F}.Debug|Any CPU.ActiveCfg = Debug|Any CPU
		{BD802257-9D66-4FFF-9E32-549152493E7F}.Debug|Any CPU.Build.0 = Debug|Any CPU
		{BD802257-9D66-4FFF-9E32-549152493E7F}.Release|Any CPU.ActiveCfg = Release|Any CPU
		{BD802257-9D66-4FFF-9E32-549152493E7F}.Release|Any CPU.Build.0 = Release|Any CPU
		{087F76C8-6834-4B56-A575-36BB6C98579A}.Debug|Any CPU.ActiveCfg = Debug|Any CPU
		{087F76C8-6834-4B56-A575-36BB6C98579A}.Debug|Any CPU.Build.0 = Debug|Any CPU
		{087F76C8-6834-4B56-A575-36BB6C98579A}.Release|Any CPU.ActiveCfg = Release|Any CPU
		{087F76C8-6834-4B56-A575-36BB6C98579A}.Release|Any CPU.Build.0 = Release|Any CPU
		{929158DC-97CB-4B25-BFCF-2C696959027C}.Debug|Any CPU.ActiveCfg = Debug|Any CPU
		{929158DC-97CB-4B25-BFCF-2C696959027C}.Debug|Any CPU.Build.0 = Debug|Any CPU
		{929158DC-97CB-4B25-BFCF-2C696959027C}.Release|Any CPU.ActiveCfg = Release|Any CPU
		{929158DC-97CB-4B25-BFCF-2C696959027C}.Release|Any CPU.Build.0 = Release|Any CPU
		{2C74B886-C8A8-4560-B897-3505899B36F5}.Debug|Any CPU.ActiveCfg = Debug|Any CPU
		{2C74B886-C8A8-4560-B897-3505899B36F5}.Debug|Any CPU.Build.0 = Debug|Any CPU
		{2C74B886-C8A8-4560-B897-3505899B36F5}.Release|Any CPU.ActiveCfg = Release|Any CPU
		{2C74B886-C8A8-4560-B897-3505899B36F5}.Release|Any CPU.Build.0 = Release|Any CPU
		{0F440142-4DA9-4FA2-A031-40B75EF2B54A}.Debug|Any CPU.ActiveCfg = Debug|Any CPU
		{0F440142-4DA9-4FA2-A031-40B75EF2B54A}.Debug|Any CPU.Build.0 = Debug|Any CPU
		{0F440142-4DA9-4FA2-A031-40B75EF2B54A}.Release|Any CPU.ActiveCfg = Release|Any CPU
		{0F440142-4DA9-4FA2-A031-40B75EF2B54A}.Release|Any CPU.Build.0 = Release|Any CPU
	EndGlobalSection
EndGlobal
